# THIS IS AN AUTOGENERATED FILE. DO NOT EDIT THIS FILE DIRECTLY.
# yarn lockfile v1


"@types/n3@^0.0.3":
  version "0.0.3"
  resolved "https://registry.yarnpkg.com/@types/n3/-/n3-0.0.3.tgz#4ebf90763bfe4aefa1a0c2051606b756c659416e"
  dependencies:
    "@types/node" "*"

"@types/node@*":
  version "9.4.1"
  resolved "https://registry.yarnpkg.com/@types/node/-/node-9.4.1.tgz#0f636f7837e15d2d73a7f6f3ea0e322eb2a5ab65"

"@types/node@^9.3.0":
  version "9.3.0"
  resolved "https://registry.yarnpkg.com/@types/node/-/node-9.3.0.tgz#3a129cda7c4e5df2409702626892cb4b96546dd5"

n3@^0.11.2:
  version "0.11.2"
  resolved "https://registry.yarnpkg.com/n3/-/n3-0.11.2.tgz#25cb2ef1b75b38cbfcc1979cf92e2bdba7f183e0"

typescript@^2.6.2:
  version "2.6.2"
  resolved "https://registry.yarnpkg.com/typescript/-/typescript-2.6.2.tgz#3c5b6fd7f6de0914269027f03c0946758f7673a4"
